
Microsoft Visual Studio Solution File, Format Version 12.00
# Visual Studio Version 17
VisualStudioVersion = 17.7.34221.43
MinimumVisualStudioVersion = 10.0.40219.1
Project("{FAE04EC0-301F-11D3-BF4B-00C04F79EFBC}") = "ConsoleAppEfSandbox", "ConsoleAppEfSandbox\ConsoleAppEfSandbox.csproj", "{4BE5BF2D-4F4C-4092-A3E9-264167B759BD}"
EndProject
Global
	GlobalSection(SolutionConfigurationPlatforms) = preSolution
		Debug|Any CPU = Debug|Any CPU
		Release|Any CPU = Release|Any CPU
	EndGlobalSection
	GlobalSection(ProjectConfigurationPlatforms) = postSolution
		{4BE5BF2D-4F4C-4092-A3E9-264167B759BD}.Debug|Any CPU.ActiveCfg = Debug|Any CPU
		{4BE5BF2D-4F4C-4092-A3E9-264167B759BD}.Debug|Any CPU.Build.0 = Debug|Any CPU
		{4BE5BF2D-4F4C-4092-A3E9-264167B759BD}.Release|Any CPU.ActiveCfg = Release|Any CPU
		{4BE5BF2D-4F4C-4092-A3E9-264167B759BD}.Release|Any CPU.Build.0 = Release|Any CPU
	EndGlobalSection
	GlobalSection(SolutionProperties) = preSolution
		HideSolutionNode = FALSE
	EndGlobalSection
	GlobalSection(ExtensibilityGlobals) = postSolution
		SolutionGuid = {DD2CE9E4-412C-405D-BCF1-5A4C39C38EA6}
	EndGlobalSection
EndGlobal
